
Microsoft Visual Studio Solution File, Format Version 12.00
# Visual Studio Version 17
VisualStudioVersion = 17.2.32408.312
MinimumVisualStudioVersion = 10.0.40219.1
Project("{9A19103F-16F7-4668-BE54-9A1E7A4F7556}") = "OOP_2", "OOP_2\OOP_2.csproj", "{ABA55725-EE1E-426D-A618-36AAD46534B5}"
EndProject
Project("{FAE04EC0-301F-11D3-BF4B-00C04F79EFBC}") = "OOP_2_2", "OOP_2_2\OOP_2_2.csproj", "{48066345-18C1-4E97-8A2A-B2E3F53DB32B}"
EndProject
Project("{FAE04EC0-301F-11D3-BF4B-00C04F79EFBC}") = "OOP_2_3", "OOP_2_3\OOP_2_3.csproj", "{2E5EE85A-0754-449F-96C1-00F67D71271E}"
EndProject
Project("{FAE04EC0-301F-11D3-BF4B-00C04F79EFBC}") = "OOP_2_4", "OOP_2_4\OOP_2_4.csproj", "{518270EF-8EB8-435B-B4F0-A8D7F6C12F19}"
EndProject
Global
	GlobalSection(SolutionConfigurationPlatforms) = preSolution
		Debug|Any CPU = Debug|Any CPU
		Release|Any CPU = Release|Any CPU
	EndGlobalSection
	GlobalSection(ProjectConfigurationPlatforms) = postSolution
		{ABA55725-EE1E-426D-A618-36AAD46534B5}.Debug|Any CPU.ActiveCfg = Debug|Any CPU
		{ABA55725-EE1E-426D-A618-36AAD46534B5}.Debug|Any CPU.Build.0 = Debug|Any CPU
		{ABA55725-EE1E-426D-A618-36AAD46534B5}.Release|Any CPU.ActiveCfg = Release|Any CPU
		{ABA55725-EE1E-426D-A618-36AAD46534B5}.Release|Any CPU.Build.0 = Release|Any CPU
		{48066345-18C1-4E97-8A2A-B2E3F53DB32B}.Debug|Any CPU.ActiveCfg = Debug|Any CPU
		{48066345-18C1-4E97-8A2A-B2E3F53DB32B}.Debug|Any CPU.Build.0 = Debug|Any CPU
		{48066345-18C1-4E97-8A2A-B2E3F53DB32B}.Release|Any CPU.ActiveCfg = Release|Any CPU
		{48066345-18C1-4E97-8A2A-B2E3F53DB32B}.Release|Any CPU.Build.0 = Release|Any CPU
		{2E5EE85A-0754-449F-96C1-00F67D71271E}.Debug|Any CPU.ActiveCfg = Debug|Any CPU
		{2E5EE85A-0754-449F-96C1-00F67D71271E}.Debug|Any CPU.Build.0 = Debug|Any CPU
		{2E5EE85A-0754-449F-96C1-00F67D71271E}.Release|Any CPU.ActiveCfg = Release|Any CPU
		{2E5EE85A-0754-449F-96C1-00F67D71271E}.Release|Any CPU.Build.0 = Release|Any CPU
		{518270EF-8EB8-435B-B4F0-A8D7F6C12F19}.Debug|Any CPU.ActiveCfg = Debug|Any CPU
		{518270EF-8EB8-435B-B4F0-A8D7F6C12F19}.Debug|Any CPU.Build.0 = Debug|Any CPU
		{518270EF-8EB8-435B-B4F0-A8D7F6C12F19}.Release|Any CPU.ActiveCfg = Release|Any CPU
		{518270EF-8EB8-435B-B4F0-A8D7F6C12F19}.Release|Any CPU.Build.0 = Release|Any CPU
	EndGlobalSection
	GlobalSection(SolutionProperties) = preSolution
		HideSolutionNode = FALSE
	EndGlobalSection
	GlobalSection(ExtensibilityGlobals) = postSolution
		SolutionGuid = {E4612E68-E563-438D-82F5-94D79FC63DF4}
	EndGlobalSection
EndGlobal
